# THIS IS AN AUTOGENERATED FILE. DO NOT EDIT THIS FILE DIRECTLY.
# yarn lockfile v1


"@types/p5@^1.7.6":
  version "1.7.6"
  resolved "https://registry.yarnpkg.com/@types/p5/-/p5-1.7.6.tgz#f2ec2bb3cddaa40922afa5bb54b7903ce7e509ed"
  integrity sha512-6pLTOo0V3N5jZb5nTwjiv3lPHLK3Z/TjbhQUj8CTWXocUk1Z/f6OHTp3Pcwi1BhWnf5gqKUcyEb1gP0KIJuQgw==

p5@^1.11.3:
  version "1.11.3"
  resolved "https://registry.yarnpkg.com/p5/-/p5-1.11.3.tgz#94478d5ba685cedf9f3f934a3db702155cbb36c6"
  integrity sha512-5eiyuZ3Pvo6ucr3nr8AzD+qwpoleiIEF2a2HmiO6PJM1tnbD0LmLlckZyYGJATs0tdmRjc37Muh6KPS4d1FHHg==

typescript@^5.8.2:
  version "5.8.2"
  resolved "https://registry.yarnpkg.com/typescript/-/typescript-5.8.2.tgz#8170b3702f74b79db2e5a96207c15e65807999e4"
  integrity sha512-aJn6wq13/afZp/jT9QZmwEjDqqvSGp1VT5GVg+f/t6/oVyrgXM6BY1h9BRh/O5p3PlUPAe+WuiEZOmb/49RqoQ==
